
Microsoft Visual Studio Solution File, Format Version 12.00
# Visual Studio Version 17
VisualStudioVersion = 17.0.31903.59
MinimumVisualStudioVersion = 10.0.40219.1
Project("{FAE04EC0-301F-11D3-BF4B-00C04F79EFBC}") = "ListADT", "ListADT\ListADT.csproj", "{BE91A183-85B0-4E43-B593-6A9C905D0AC2}"
EndProject
Project("{FAE04EC0-301F-11D3-BF4B-00C04F79EFBC}") = "Main", "Main\Main.csproj", "{804A0C22-2EE7-4C7B-8C9D-D24B4051BC65}"
EndProject
Project("{FAE04EC0-301F-11D3-BF4B-00C04F79EFBC}") = "SinglyList", "SinglyList\SinglyList.csproj", "{C02CC0DE-F0F7-4CEE-B0DE-6E18AD8BBEE0}"
EndProject
Project("{FAE04EC0-301F-11D3-BF4B-00C04F79EFBC}") = "Node", "Node\Node.csproj", "{B6285F50-A18E-49BC-9C1C-4F6479AE5A61}"
EndProject
Project("{FAE04EC0-301F-11D3-BF4B-00C04F79EFBC}") = "Stack", "Stack\Stack.csproj", "{6880EE3D-6B65-4101-9A47-77EF37D9E3A8}"
EndProject
Project("{FAE04EC0-301F-11D3-BF4B-00C04F79EFBC}") = "Queue", "Queue\Queue.csproj", "{93A20738-37D4-493B-9C95-39E5A0FA6D72}"
EndProject
Project("{FAE04EC0-301F-11D3-BF4B-00C04F79EFBC}") = "NodePQ", "NodePQ\NodePQ.csproj", "{4350E247-675A-472D-BC19-4F9F050A19CF}"
EndProject
Project("{FAE04EC0-301F-11D3-BF4B-00C04F79EFBC}") = "PriorityQueueADT", "PriorityQueueADT\PriorityQueueADT.csproj", "{07CAB730-9EB1-4CA8-B242-C247E45D0A56}"
EndProject
Project("{FAE04EC0-301F-11D3-BF4B-00C04F79EFBC}") = "Tree", "Tree\Tree.csproj", "{E9AEB393-AACF-4ABE-ABE2-16384021D369}"
EndProject
Project("{FAE04EC0-301F-11D3-BF4B-00C04F79EFBC}") = "TreeNode", "TreeNode\TreeNode.csproj", "{99A6BAB8-F7F3-4BCD-80AA-4D53281952C6}"
EndProject
Project("{FAE04EC0-301F-11D3-BF4B-00C04F79EFBC}") = "BNode", "BNode\BNode.csproj", "{55650636-6680-4BE1-B2DE-6DE4D113302C}"
EndProject
Project("{FAE04EC0-301F-11D3-BF4B-00C04F79EFBC}") = "BinTree", "BinTree\BinTree.csproj", "{A3AF2F70-86E8-43AE-BF3D-713D6CC8A896}"
EndProject
Global
	GlobalSection(SolutionConfigurationPlatforms) = preSolution
		Debug|Any CPU = Debug|Any CPU
		Release|Any CPU = Release|Any CPU
	EndGlobalSection
	GlobalSection(SolutionProperties) = preSolution
		HideSolutionNode = FALSE
	EndGlobalSection
	GlobalSection(ProjectConfigurationPlatforms) = postSolution
		{BE91A183-85B0-4E43-B593-6A9C905D0AC2}.Debug|Any CPU.ActiveCfg = Debug|Any CPU
		{BE91A183-85B0-4E43-B593-6A9C905D0AC2}.Debug|Any CPU.Build.0 = Debug|Any CPU
		{BE91A183-85B0-4E43-B593-6A9C905D0AC2}.Release|Any CPU.ActiveCfg = Release|Any CPU
		{BE91A183-85B0-4E43-B593-6A9C905D0AC2}.Release|Any CPU.Build.0 = Release|Any CPU
		{804A0C22-2EE7-4C7B-8C9D-D24B4051BC65}.Debug|Any CPU.ActiveCfg = Debug|Any CPU
		{804A0C22-2EE7-4C7B-8C9D-D24B4051BC65}.Debug|Any CPU.Build.0 = Debug|Any CPU
		{804A0C22-2EE7-4C7B-8C9D-D24B4051BC65}.Release|Any CPU.ActiveCfg = Release|Any CPU
		{804A0C22-2EE7-4C7B-8C9D-D24B4051BC65}.Release|Any CPU.Build.0 = Release|Any CPU
		{C02CC0DE-F0F7-4CEE-B0DE-6E18AD8BBEE0}.Debug|Any CPU.ActiveCfg = Debug|Any CPU
		{C02CC0DE-F0F7-4CEE-B0DE-6E18AD8BBEE0}.Debug|Any CPU.Build.0 = Debug|Any CPU
		{C02CC0DE-F0F7-4CEE-B0DE-6E18AD8BBEE0}.Release|Any CPU.ActiveCfg = Release|Any CPU
		{C02CC0DE-F0F7-4CEE-B0DE-6E18AD8BBEE0}.Release|Any CPU.Build.0 = Release|Any CPU
		{B6285F50-A18E-49BC-9C1C-4F6479AE5A61}.Debug|Any CPU.ActiveCfg = Debug|Any CPU
		{B6285F50-A18E-49BC-9C1C-4F6479AE5A61}.Debug|Any CPU.Build.0 = Debug|Any CPU
		{B6285F50-A18E-49BC-9C1C-4F6479AE5A61}.Release|Any CPU.ActiveCfg = Release|Any CPU
		{B6285F50-A18E-49BC-9C1C-4F6479AE5A61}.Release|Any CPU.Build.0 = Release|Any CPU
		{6880EE3D-6B65-4101-9A47-77EF37D9E3A8}.Debug|Any CPU.ActiveCfg = Debug|Any CPU
		{6880EE3D-6B65-4101-9A47-77EF37D9E3A8}.Debug|Any CPU.Build.0 = Debug|Any CPU
		{6880EE3D-6B65-4101-9A47-77EF37D9E3A8}.Release|Any CPU.ActiveCfg = Release|Any CPU
		{6880EE3D-6B65-4101-9A47-77EF37D9E3A8}.Release|Any CPU.Build.0 = Release|Any CPU
		{93A20738-37D4-493B-9C95-39E5A0FA6D72}.Debug|Any CPU.ActiveCfg = Debug|Any CPU
		{93A20738-37D4-493B-9C95-39E5A0FA6D72}.Debug|Any CPU.Build.0 = Debug|Any CPU
		{93A20738-37D4-493B-9C95-39E5A0FA6D72}.Release|Any CPU.ActiveCfg = Release|Any CPU
		{93A20738-37D4-493B-9C95-39E5A0FA6D72}.Release|Any CPU.Build.0 = Release|Any CPU
		{4350E247-675A-472D-BC19-4F9F050A19CF}.Debug|Any CPU.ActiveCfg = Debug|Any CPU
		{4350E247-675A-472D-BC19-4F9F050A19CF}.Debug|Any CPU.Build.0 = Debug|Any CPU
		{4350E247-675A-472D-BC19-4F9F050A19CF}.Release|Any CPU.ActiveCfg = Release|Any CPU
		{4350E247-675A-472D-BC19-4F9F050A19CF}.Release|Any CPU.Build.0 = Release|Any CPU
		{07CAB730-9EB1-4CA8-B242-C247E45D0A56}.Debug|Any CPU.ActiveCfg = Debug|Any CPU
		{07CAB730-9EB1-4CA8-B242-C247E45D0A56}.Debug|Any CPU.Build.0 = Debug|Any CPU
		{07CAB730-9EB1-4CA8-B242-C247E45D0A56}.Release|Any CPU.ActiveCfg = Release|Any CPU
		{07CAB730-9EB1-4CA8-B242-C247E45D0A56}.Release|Any CPU.Build.0 = Release|Any CPU
		{E9AEB393-AACF-4ABE-ABE2-16384021D369}.Debug|Any CPU.ActiveCfg = Debug|Any CPU
		{E9AEB393-AACF-4ABE-ABE2-16384021D369}.Debug|Any CPU.Build.0 = Debug|Any CPU
		{E9AEB393-AACF-4ABE-ABE2-16384021D369}.Release|Any CPU.ActiveCfg = Release|Any CPU
		{E9AEB393-AACF-4ABE-ABE2-16384021D369}.Release|Any CPU.Build.0 = Release|Any CPU
		{99A6BAB8-F7F3-4BCD-80AA-4D53281952C6}.Debug|Any CPU.ActiveCfg = Debug|Any CPU
		{99A6BAB8-F7F3-4BCD-80AA-4D53281952C6}.Debug|Any CPU.Build.0 = Debug|Any CPU
		{99A6BAB8-F7F3-4BCD-80AA-4D53281952C6}.Release|Any CPU.ActiveCfg = Release|Any CPU
		{99A6BAB8-F7F3-4BCD-80AA-4D53281952C6}.Release|Any CPU.Build.0 = Release|Any CPU
		{55650636-6680-4BE1-B2DE-6DE4D113302C}.Debug|Any CPU.ActiveCfg = Debug|Any CPU
		{55650636-6680-4BE1-B2DE-6DE4D113302C}.Debug|Any CPU.Build.0 = Debug|Any CPU
		{55650636-6680-4BE1-B2DE-6DE4D113302C}.Release|Any CPU.ActiveCfg = Release|Any CPU
		{55650636-6680-4BE1-B2DE-6DE4D113302C}.Release|Any CPU.Build.0 = Release|Any CPU
		{A3AF2F70-86E8-43AE-BF3D-713D6CC8A896}.Debug|Any CPU.ActiveCfg = Debug|Any CPU
		{A3AF2F70-86E8-43AE-BF3D-713D6CC8A896}.Debug|Any CPU.Build.0 = Debug|Any CPU
		{A3AF2F70-86E8-43AE-BF3D-713D6CC8A896}.Release|Any CPU.ActiveCfg = Release|Any CPU
		{A3AF2F70-86E8-43AE-BF3D-713D6CC8A896}.Release|Any CPU.Build.0 = Release|Any CPU
	EndGlobalSection
EndGlobal
